
Microsoft Visual Studio Solution File, Format Version 12.00
# Visual Studio Version 16
VisualStudioVersion = 16.0.30413.136
MinimumVisualStudioVersion = 10.0.40219.1
Project("{FAE04EC0-301F-11D3-BF4B-00C04F79EFBC}") = "WebApplication7", "WebApplication7\WebApplication7.csproj", "{AB695206-FE72-4415-AC14-84FF4382447F}"
EndProject
Global
	GlobalSection(SolutionConfigurationPlatforms) = preSolution
		Debug|Any CPU = Debug|Any CPU
		Release|Any CPU = Release|Any CPU
	EndGlobalSection
	GlobalSection(ProjectConfigurationPlatforms) = postSolution
		{AB695206-FE72-4415-AC14-84FF4382447F}.Debug|Any CPU.ActiveCfg = Debug|Any CPU
		{AB695206-FE72-4415-AC14-84FF4382447F}.Debug|Any CPU.Build.0 = Debug|Any CPU
		{AB695206-FE72-4415-AC14-84FF4382447F}.Release|Any CPU.ActiveCfg = Release|Any CPU
		{AB695206-FE72-4415-AC14-84FF4382447F}.Release|Any CPU.Build.0 = Release|Any CPU
	EndGlobalSection
	GlobalSection(SolutionProperties) = preSolution
		HideSolutionNode = FALSE
	EndGlobalSection
	GlobalSection(ExtensibilityGlobals) = postSolution
		SolutionGuid = {8EACD268-011F-42D7-ACB7-A0711098AC16}
	EndGlobalSection
EndGlobal
